{
  "name": "voice_recognition",
  "version": "1.0.0",
  "lockfileVersion": 1,
  "requires": true,
  "dependencies": {
    "anycontrol": {
      "version": "0.1.5",
      "resolved": "https://registry.npmjs.org/anycontrol/-/anycontrol-0.1.5.tgz",
      "integrity": "sha512-8hOj9n1pR7rNQ9cn7wb1ntOiGqMdiiCPwwHBu10KxcBl0tXiIveufQPi5mStNVcWp16JTPsDO+P55CatMjWYbg=="
    }
  }
}
